// !$*UTF8*$!
{
	archiveVersion = 1;
	classes = {
	};
	objectVersion = 56;
	objects = {

/* Begin PBXBuildFile section */
		8D342B7D2B85693100B2DE85 /* AppDelegate.swift in Sources */ = {isa = PBXBuildFile; fileRef = 8D342B7C2B85693100B2DE85 /* AppDelegate.swift */; };
		8D342B7F2B85693100B2DE85 /* SceneDelegate.swift in Sources */ = {isa = PBXBuildFile; fileRef = 8D342B7E2B85693100B2DE85 /* SceneDelegate.swift */; };
		8D342B812B85693100B2DE85 /* MainViewController.swift in Sources */ = {isa = PBXBuildFile; fileRef = 8D342B802B85693100B2DE85 /* MainViewController.swift */; };
		8D342B842B85693100B2DE85 /* Main.storyboard in Resources */ = {isa = PBXBuildFile; fileRef = 8D342B822B85693100B2DE85 /* Main.storyboard */; };
		8D342B862B85693300B2DE85 /* Assets.xcassets in Resources */ = {isa = PBXBuildFile; fileRef = 8D342B852B85693300B2DE85 /* Assets.xcassets */; };
		8D342B892B85693300B2DE85 /* LaunchScreen.storyboard in Resources */ = {isa = PBXBuildFile; fileRef = 8D342B872B85693300B2DE85 /* LaunchScreen.storyboard */; };
		8D342B942B85693300B2DE85 /* NasaTests.swift in Sources */ = {isa = PBXBuildFile; fileRef = 8D342B932B85693300B2DE85 /* NasaTests.swift */; };
		8D342B9E2B85693300B2DE85 /* NasaUITests.swift in Sources */ = {isa = PBXBuildFile; fileRef = 8D342B9D2B85693300B2DE85 /* NasaUITests.swift */; };
		8D342BA02B85693300B2DE85 /* NasaUITestsLaunchTests.swift in Sources */ = {isa = PBXBuildFile; fileRef = 8D342B9F2B85693300B2DE85 /* NasaUITestsLaunchTests.swift */; };
		8D342BB02B857BCF00B2DE85 /* NetworkingManager.swift in Sources */ = {isa = PBXBuildFile; fileRef = 8D342BAF2B857BCF00B2DE85 /* NetworkingManager.swift */; };
		8D342BCB2B86146200B2DE85 /* NetworkTypeEnum.swift in Sources */ = {isa = PBXBuildFile; fileRef = 8D342BCA2B86146200B2DE85 /* NetworkTypeEnum.swift */; };
		8D342BCD2B86149900B2DE85 /* APODModel.swift in Sources */ = {isa = PBXBuildFile; fileRef = 8D342BCC2B86149900B2DE85 /* APODModel.swift */; };
		8D342BD12B862A8000B2DE85 /* MarsRoverModel.swift in Sources */ = {isa = PBXBuildFile; fileRef = 8D342BD02B862A8000B2DE85 /* MarsRoverModel.swift */; };
		8D342BD42B86806200B2DE85 /* GaleryViewController.swift in Sources */ = {isa = PBXBuildFile; fileRef = 8D342BD32B86806200B2DE85 /* GaleryViewController.swift */; };
		8D342BD62B86809300B2DE85 /* PhotoViewController.swift in Sources */ = {isa = PBXBuildFile; fileRef = 8D342BD52B86809300B2DE85 /* PhotoViewController.swift */; };
		8D342BD82B8680AA00B2DE85 /* DetailsViewController.swift in Sources */ = {isa = PBXBuildFile; fileRef = 8D342BD72B8680AA00B2DE85 /* DetailsViewController.swift */; };
		8DDDD7692B876CF600506A2C /* UIImageViewExtension.swift in Sources */ = {isa = PBXBuildFile; fileRef = 8DDDD7682B876CF600506A2C /* UIImageViewExtension.swift */; };
		8DDDD76B2B88619D00506A2C /* Constants.swift in Sources */ = {isa = PBXBuildFile; fileRef = 8DDDD76A2B88619D00506A2C /* Constants.swift */; };
		8DDDD76E2B88629100506A2C /* GaleryTableViewCell.swift in Sources */ = {isa = PBXBuildFile; fileRef = 8DDDD76C2B88629100506A2C /* GaleryTableViewCell.swift */; };
		8DDDD76F2B88629100506A2C /* GaleryTableViewCell.xib in Resources */ = {isa = PBXBuildFile; fileRef = 8DDDD76D2B88629100506A2C /* GaleryTableViewCell.xib */; };
/* End PBXBuildFile section */

/* Begin PBXContainerItemProxy section */
		8D342B902B85693300B2DE85 /* PBXContainerItemProxy */ = {
			isa = PBXContainerItemProxy;
			containerPortal = 8D342B712B85693100B2DE85 /* Project object */;
			proxyType = 1;
			remoteGlobalIDString = 8D342B782B85693100B2DE85;
			remoteInfo = Nasa;
		};
		8D342B9A2B85693300B2DE85 /* PBXContainerItemProxy */ = {
			isa = PBXContainerItemProxy;
			containerPortal = 8D342B712B85693100B2DE85 /* Project object */;
			proxyType = 1;
			remoteGlobalIDString = 8D342B782B85693100B2DE85;
			remoteInfo = Nasa;
		};
/* End PBXContainerItemProxy section */

/* Begin PBXFileReference section */
		8D342B792B85693100B2DE85 /* Nasa.app */ = {isa = PBXFileReference; explicitFileType = wrapper.application; includeInIndex = 0; path = Nasa.app; sourceTree = BUILT_PRODUCTS_DIR; };
		8D342B7C2B85693100B2DE85 /* AppDelegate.swift */ = {isa = PBXFileReference; lastKnownFileType = sourcecode.swift; path = AppDelegate.swift; sourceTree = "<group>"; };
		8D342B7E2B85693100B2DE85 /* SceneDelegate.swift */ = {isa = PBXFileReference; lastKnownFileType = sourcecode.swift; path = SceneDelegate.swift; sourceTree = "<group>"; };
		8D342B802B85693100B2DE85 /* MainViewController.swift */ = {isa = PBXFileReference; lastKnownFileType = sourcecode.swift; path = MainViewController.swift; sourceTree = "<group>"; };
		8D342B832B85693100B2DE85 /* Base */ = {isa = PBXFileReference; lastKnownFileType = file.storyboard; name = Base; path = Base.lproj/Main.storyboard; sourceTree = "<group>"; };
		8D342B852B85693300B2DE85 /* Assets.xcassets */ = {isa = PBXFileReference; lastKnownFileType = folder.assetcatalog; path = Assets.xcassets; sourceTree = "<group>"; };
		8D342B882B85693300B2DE85 /* Base */ = {isa = PBXFileReference; lastKnownFileType = file.storyboard; name = Base; path = Base.lproj/LaunchScreen.storyboard; sourceTree = "<group>"; };
		8D342B8A2B85693300B2DE85 /* Info.plist */ = {isa = PBXFileReference; lastKnownFileType = text.plist.xml; path = Info.plist; sourceTree = "<group>"; };
		8D342B8F2B85693300B2DE85 /* NasaTests.xctest */ = {isa = PBXFileReference; explicitFileType = wrapper.cfbundle; includeInIndex = 0; path = NasaTests.xctest; sourceTree = BUILT_PRODUCTS_DIR; };
		8D342B932B85693300B2DE85 /* NasaTests.swift */ = {isa = PBXFileReference; lastKnownFileType = sourcecode.swift; path = NasaTests.swift; sourceTree = "<group>"; };
		8D342B992B85693300B2DE85 /* NasaUITests.xctest */ = {isa = PBXFileReference; explicitFileType = wrapper.cfbundle; includeInIndex = 0; path = NasaUITests.xctest; sourceTree = BUILT_PRODUCTS_DIR; };
		8D342B9D2B85693300B2DE85 /* NasaUITests.swift */ = {isa = PBXFileReference; lastKnownFileType = sourcecode.swift; path = NasaUITests.swift; sourceTree = "<group>"; };
		8D342B9F2B85693300B2DE85 /* NasaUITestsLaunchTests.swift */ = {isa = PBXFileReference; lastKnownFileType = sourcecode.swift; path = NasaUITestsLaunchTests.swift; sourceTree = "<group>"; };
		8D342BAF2B857BCF00B2DE85 /* NetworkingManager.swift */ = {isa = PBXFileReference; lastKnownFileType = sourcecode.swift; path = NetworkingManager.swift; sourceTree = "<group>"; };
		8D342BCA2B86146200B2DE85 /* NetworkTypeEnum.swift */ = {isa = PBXFileReference; lastKnownFileType = sourcecode.swift; path = NetworkTypeEnum.swift; sourceTree = "<group>"; };
		8D342BCC2B86149900B2DE85 /* APODModel.swift */ = {isa = PBXFileReference; lastKnownFileType = sourcecode.swift; path = APODModel.swift; sourceTree = "<group>"; };
		8D342BD02B862A8000B2DE85 /* MarsRoverModel.swift */ = {isa = PBXFileReference; lastKnownFileType = sourcecode.swift; path = MarsRoverModel.swift; sourceTree = "<group>"; };
		8D342BD32B86806200B2DE85 /* GaleryViewController.swift */ = {isa = PBXFileReference; lastKnownFileType = sourcecode.swift; path = GaleryViewController.swift; sourceTree = "<group>"; };
		8D342BD52B86809300B2DE85 /* PhotoViewController.swift */ = {isa = PBXFileReference; lastKnownFileType = sourcecode.swift; path = PhotoViewController.swift; sourceTree = "<group>"; };
		8D342BD72B8680AA00B2DE85 /* DetailsViewController.swift */ = {isa = PBXFileReference; lastKnownFileType = sourcecode.swift; path = DetailsViewController.swift; sourceTree = "<group>"; };
		8DDDD7682B876CF600506A2C /* UIImageViewExtension.swift */ = {isa = PBXFileReference; lastKnownFileType = sourcecode.swift; path = UIImageViewExtension.swift; sourceTree = "<group>"; };
		8DDDD76A2B88619D00506A2C /* Constants.swift */ = {isa = PBXFileReference; lastKnownFileType = sourcecode.swift; path = Constants.swift; sourceTree = "<group>"; };
		8DDDD76C2B88629100506A2C /* GaleryTableViewCell.swift */ = {isa = PBXFileReference; lastKnownFileType = sourcecode.swift; path = GaleryTableViewCell.swift; sourceTree = "<group>"; };
		8DDDD76D2B88629100506A2C /* GaleryTableViewCell.xib */ = {isa = PBXFileReference; lastKnownFileType = file.xib; path = GaleryTableViewCell.xib; sourceTree = "<group>"; };
/* End PBXFileReference section */

/* Begin PBXFrameworksBuildPhase section */
		8D342B762B85693100B2DE85 /* Frameworks */ = {
			isa = PBXFrameworksBuildPhase;
			buildActionMask = 2147483647;
			files = (
			);
			runOnlyForDeploymentPostprocessing = 0;
		};
		8D342B8C2B85693300B2DE85 /* Frameworks */ = {
			isa = PBXFrameworksBuildPhase;
			buildActionMask = 2147483647;
			files = (
			);
			runOnlyForDeploymentPostprocessing = 0;
		};
		8D342B962B85693300B2DE85 /* Frameworks */ = {
			isa = PBXFrameworksBuildPhase;
			buildActionMask = 2147483647;
			files = (
			);
			runOnlyForDeploymentPostprocessing = 0;
		};
/* End PBXFrameworksBuildPhase section */

/* Begin PBXGroup section */
		8D342B702B85693100B2DE85 = {
			isa = PBXGroup;
			children = (
				8D342B7B2B85693100B2DE85 /* Nasa */,
				8D342B922B85693300B2DE85 /* NasaTests */,
				8D342B9C2B85693300B2DE85 /* NasaUITests */,
				8D342B7A2B85693100B2DE85 /* Products */,
			);
			sourceTree = "<group>";
		};
		8D342B7A2B85693100B2DE85 /* Products */ = {
			isa = PBXGroup;
			children = (
				8D342B792B85693100B2DE85 /* Nasa.app */,
				8D342B8F2B85693300B2DE85 /* NasaTests.xctest */,
				8D342B992B85693300B2DE85 /* NasaUITests.xctest */,
			);
			name = Products;
			sourceTree = "<group>";
		};
		8D342B7B2B85693100B2DE85 /* Nasa */ = {
			isa = PBXGroup;
			children = (
				8D342B7C2B85693100B2DE85 /* AppDelegate.swift */,
				8D342B7E2B85693100B2DE85 /* SceneDelegate.swift */,
				8D342BAE2B8569D800B2DE85 /* Model */,
				8D342BAD2B8569D300B2DE85 /* View */,
				8D342BAC2B8569B600B2DE85 /* Controllers */,
				8D342B852B85693300B2DE85 /* Assets.xcassets */,
				8D342B872B85693300B2DE85 /* LaunchScreen.storyboard */,
				8D342B8A2B85693300B2DE85 /* Info.plist */,
				8DDDD7682B876CF600506A2C /* UIImageViewExtension.swift */,
				8DDDD76A2B88619D00506A2C /* Constants.swift */,
			);
			path = Nasa;
			sourceTree = "<group>";
		};
		8D342B922B85693300B2DE85 /* NasaTests */ = {
			isa = PBXGroup;
			children = (
				8D342B932B85693300B2DE85 /* NasaTests.swift */,
			);
			path = NasaTests;
			sourceTree = "<group>";
		};
		8D342B9C2B85693300B2DE85 /* NasaUITests */ = {
			isa = PBXGroup;
			children = (
				8D342B9D2B85693300B2DE85 /* NasaUITests.swift */,
				8D342B9F2B85693300B2DE85 /* NasaUITestsLaunchTests.swift */,
			);
			path = NasaUITests;
			sourceTree = "<group>";
		};
		8D342BAC2B8569B600B2DE85 /* Controllers */ = {
			isa = PBXGroup;
			children = (
				8D342B802B85693100B2DE85 /* MainViewController.swift */,
				8D342BD32B86806200B2DE85 /* GaleryViewController.swift */,
				8D342BD52B86809300B2DE85 /* PhotoViewController.swift */,
				8D342BD72B8680AA00B2DE85 /* DetailsViewController.swift */,
			);
			path = Controllers;
			sourceTree = "<group>";
		};
		8D342BAD2B8569D300B2DE85 /* View */ = {
			isa = PBXGroup;
			children = (
				8D342B822B85693100B2DE85 /* Main.storyboard */,
				8DDDD76C2B88629100506A2C /* GaleryTableViewCell.swift */,
				8DDDD76D2B88629100506A2C /* GaleryTableViewCell.xib */,
			);
			path = View;
			sourceTree = "<group>";
		};
		8D342BAE2B8569D800B2DE85 /* Model */ = {
			isa = PBXGroup;
			children = (
				8D342BAF2B857BCF00B2DE85 /* NetworkingManager.swift */,
				8D342BCA2B86146200B2DE85 /* NetworkTypeEnum.swift */,
				8D342BCC2B86149900B2DE85 /* APODModel.swift */,
				8D342BD02B862A8000B2DE85 /* MarsRoverModel.swift */,
			);
			path = Model;
			sourceTree = "<group>";
		};
/* End PBXGroup section */

/* Begin PBXNativeTarget section */
		8D342B782B85693100B2DE85 /* Nasa */ = {
			isa = PBXNativeTarget;
			buildConfigurationList = 8D342BA32B85693300B2DE85 /* Build configuration list for PBXNativeTarget "Nasa" */;
			buildPhases = (
				8D342B752B85693100B2DE85 /* Sources */,
				8D342B762B85693100B2DE85 /* Frameworks */,
				8D342B772B85693100B2DE85 /* Resources */,
			);
			buildRules = (
			);
			dependencies = (
			);
			name = Nasa;
			productName = Nasa;
			productReference = 8D342B792B85693100B2DE85 /* Nasa.app */;
			productType = "com.apple.product-type.application";
		};
		8D342B8E2B85693300B2DE85 /* NasaTests */ = {
			isa = PBXNativeTarget;
			buildConfigurationList = 8D342BA62B85693300B2DE85 /* Build configuration list for PBXNativeTarget "NasaTests" */;
			buildPhases = (
				8D342B8B2B85693300B2DE85 /* Sources */,
				8D342B8C2B85693300B2DE85 /* Frameworks */,
				8D342B8D2B85693300B2DE85 /* Resources */,
			);
			buildRules = (
			);
			dependencies = (
				8D342B912B85693300B2DE85 /* PBXTargetDependency */,
			);
			name = NasaTests;
			productName = NasaTests;
			productReference = 8D342B8F2B85693300B2DE85 /* NasaTests.xctest */;
			productType = "com.apple.product-type.bundle.unit-test";
		};
		8D342B982B85693300B2DE85 /* NasaUITests */ = {
			isa = PBXNativeTarget;
			buildConfigurationList = 8D342BA92B85693300B2DE85 /* Build configuration list for PBXNativeTarget "NasaUITests" */;
			buildPhases = (
				8D342B952B85693300B2DE85 /* Sources */,
				8D342B962B85693300B2DE85 /* Frameworks */,
				8D342B972B85693300B2DE85 /* Resources */,
			);
			buildRules = (
			);
			dependencies = (
				8D342B9B2B85693300B2DE85 /* PBXTargetDependency */,
			);
			name = NasaUITests;
			productName = NasaUITests;
			productReference = 8D342B992B85693300B2DE85 /* NasaUITests.xctest */;
			productType = "com.apple.product-type.bundle.ui-testing";
		};
/* End PBXNativeTarget section */

/* Begin PBXProject section */
		8D342B712B85693100B2DE85 /* Project object */ = {
			isa = PBXProject;
			attributes = {
				BuildIndependentTargetsInParallel = 1;
				LastSwiftUpdateCheck = 1520;
				LastUpgradeCheck = 1520;
				TargetAttributes = {
					8D342B782B85693100B2DE85 = {
						CreatedOnToolsVersion = 15.2;
					};
					8D342B8E2B85693300B2DE85 = {
						CreatedOnToolsVersion = 15.2;
						TestTargetID = 8D342B782B85693100B2DE85;
					};
					8D342B982B85693300B2DE85 = {
						CreatedOnToolsVersion = 15.2;
						TestTargetID = 8D342B782B85693100B2DE85;
					};
				};
			};
			buildConfigurationList = 8D342B742B85693100B2DE85 /* Build configuration list for PBXProject "Nasa" */;
			compatibilityVersion = "Xcode 14.0";
			developmentRegion = en;
			hasScannedForEncodings = 0;
			knownRegions = (
				en,
				Base,
			);
			mainGroup = 8D342B702B85693100B2DE85;
			productRefGroup = 8D342B7A2B85693100B2DE85 /* Products */;
			projectDirPath = "";
			projectRoot = "";
			targets = (
				8D342B782B85693100B2DE85 /* Nasa */,
				8D342B8E2B85693300B2DE85 /* NasaTests */,
				8D342B982B85693300B2DE85 /* NasaUITests */,
			);
		};
/* End PBXProject section */

/* Begin PBXResourcesBuildPhase section */
		8D342B772B85693100B2DE85 /* Resources */ = {
			isa = PBXResourcesBuildPhase;
			buildActionMask = 2147483647;
			files = (
				8D342B892B85693300B2DE85 /* LaunchScreen.storyboard in Resources */,
				8D342B862B85693300B2DE85 /* Assets.xcassets in Resources */,
				8D342B842B85693100B2DE85 /* Main.storyboard in Resources */,
				8DDDD76F2B88629100506A2C /* GaleryTableViewCell.xib in Resources */,
			);
			runOnlyForDeploymentPostprocessing = 0;
		};
		8D342B8D2B85693300B2DE85 /* Resources */ = {
			isa = PBXResourcesBuildPhase;
			buildActionMask = 2147483647;
			files = (
			);
			runOnlyForDeploymentPostprocessing = 0;
		};
		8D342B972B85693300B2DE85 /* Resources */ = {
			isa = PBXResourcesBuildPhase;
			buildActionMask = 2147483647;
			files = (
			);
			runOnlyForDeploymentPostprocessing = 0;
		};
/* End PBXResourcesBuildPhase section */

/* Begin PBXSourcesBuildPhase section */
		8D342B752B85693100B2DE85 /* Sources */ = {
			isa = PBXSourcesBuildPhase;
			buildActionMask = 2147483647;
			files = (
				8D342BD62B86809300B2DE85 /* PhotoViewController.swift in Sources */,
				8D342BD42B86806200B2DE85 /* GaleryViewController.swift in Sources */,
				8D342BD12B862A8000B2DE85 /* MarsRoverModel.swift in Sources */,
				8D342B812B85693100B2DE85 /* MainViewController.swift in Sources */,
				8DDDD7692B876CF600506A2C /* UIImageViewExtension.swift in Sources */,
				8D342BCB2B86146200B2DE85 /* NetworkTypeEnum.swift in Sources */,
				8D342B7D2B85693100B2DE85 /* AppDelegate.swift in Sources */,
				8DDDD76E2B88629100506A2C /* GaleryTableViewCell.swift in Sources */,
				8D342B7F2B85693100B2DE85 /* SceneDelegate.swift in Sources */,
				8D342BB02B857BCF00B2DE85 /* NetworkingManager.swift in Sources */,
				8D342BCD2B86149900B2DE85 /* APODModel.swift in Sources */,
				8D342BD82B8680AA00B2DE85 /* DetailsViewController.swift in Sources */,
				8DDDD76B2B88619D00506A2C /* Constants.swift in Sources */,
			);
			runOnlyForDeploymentPostprocessing = 0;
		};
		8D342B8B2B85693300B2DE85 /* Sources */ = {
			isa = PBXSourcesBuildPhase;
			buildActionMask = 2147483647;
			files = (
				8D342B942B85693300B2DE85 /* NasaTests.swift in Sources */,
			);
			runOnlyForDeploymentPostprocessing = 0;
		};
		8D342B952B85693300B2DE85 /* Sources */ = {
			isa = PBXSourcesBuildPhase;
			buildActionMask = 2147483647;
			files = (
				8D342B9E2B85693300B2DE85 /* NasaUITests.swift in Sources */,
				8D342BA02B85693300B2DE85 /* NasaUITestsLaunchTests.swift in Sources */,
			);
			runOnlyForDeploymentPostprocessing = 0;
		};
/* End PBXSourcesBuildPhase section */

/* Begin PBXTargetDependency section */
		8D342B912B85693300B2DE85 /* PBXTargetDependency */ = {
			isa = PBXTargetDependency;
			target = 8D342B782B85693100B2DE85 /* Nasa */;
			targetProxy = 8D342B902B85693300B2DE85 /* PBXContainerItemProxy */;
		};
		8D342B9B2B85693300B2DE85 /* PBXTargetDependency */ = {
			isa = PBXTargetDependency;
			target = 8D342B782B85693100B2DE85 /* Nasa */;
			targetProxy = 8D342B9A2B85693300B2DE85 /* PBXContainerItemProxy */;
		};
/* End PBXTargetDependency section */

/* Begin PBXVariantGroup section */
		8D342B822B85693100B2DE85 /* Main.storyboard */ = {
			isa = PBXVariantGroup;
			children = (
				8D342B832B85693100B2DE85 /* Base */,
			);
			name = Main.storyboard;
			sourceTree = "<group>";
		};
		8D342B872B85693300B2DE85 /* LaunchScreen.storyboard */ = {
			isa = PBXVariantGroup;
			children = (
				8D342B882B85693300B2DE85 /* Base */,
			);
			name = LaunchScreen.storyboard;
			sourceTree = "<group>";
		};
/* End PBXVariantGroup section */

/* Begin XCBuildConfiguration section */
		8D342BA12B85693300B2DE85 /* Debug */ = {
			isa = XCBuildConfiguration;
			buildSettings = {
				ALWAYS_SEARCH_USER_PATHS = NO;
				ASSETCATALOG_COMPILER_GENERATE_SWIFT_ASSET_SYMBOL_EXTENSIONS = YES;
				CLANG_ANALYZER_NONNULL = YES;
				CLANG_ANALYZER_NUMBER_OBJECT_CONVERSION = YES_AGGRESSIVE;
				CLANG_CXX_LANGUAGE_STANDARD = "gnu++20";
				CLANG_ENABLE_MODULES = YES;
				CLANG_ENABLE_OBJC_ARC = YES;
				CLANG_ENABLE_OBJC_WEAK = YES;
				CLANG_WARN_BLOCK_CAPTURE_AUTORELEASING = YES;
				CLANG_WARN_BOOL_CONVERSION = YES;
				CLANG_WARN_COMMA = YES;
				CLANG_WARN_CONSTANT_CONVERSION = YES;
				CLANG_WARN_DEPRECATED_OBJC_IMPLEMENTATIONS = YES;
				CLANG_WARN_DIRECT_OBJC_ISA_USAGE = YES_ERROR;
				CLANG_WARN_DOCUMENTATION_COMMENTS = YES;
				CLANG_WARN_EMPTY_BODY = YES;
				CLANG_WARN_ENUM_CONVERSION = YES;
				CLANG_WARN_INFINITE_RECURSION = YES;
				CLANG_WARN_INT_CONVERSION = YES;
				CLANG_WARN_NON_LITERAL_NULL_CONVERSION = YES;
				CLANG_WARN_OBJC_IMPLICIT_RETAIN_SELF = YES;
				CLANG_WARN_OBJC_LITERAL_CONVERSION = YES;
				CLANG_WARN_OBJC_ROOT_CLASS = YES_ERROR;
				CLANG_WARN_QUOTED_INCLUDE_IN_FRAMEWORK_HEADER = YES;
				CLANG_WARN_RANGE_LOOP_ANALYSIS = YES;
				CLANG_WARN_STRICT_PROTOTYPES = YES;
				CLANG_WARN_SUSPICIOUS_MOVE = YES;
				CLANG_WARN_UNGUARDED_AVAILABILITY = YES_AGGRESSIVE;
				CLANG_WARN_UNREACHABLE_CODE = YES;
				CLANG_WARN__DUPLICATE_METHOD_MATCH = YES;
				COPY_PHASE_STRIP = NO;
				DEBUG_INFORMATION_FORMAT = dwarf;
				ENABLE_STRICT_OBJC_MSGSEND = YES;
				ENABLE_TESTABILITY = YES;
				ENABLE_USER_SCRIPT_SANDBOXING = YES;
				GCC_C_LANGUAGE_STANDARD = gnu17;
				GCC_DYNAMIC_NO_PIC = NO;
				GCC_NO_COMMON_BLOCKS = YES;
				GCC_OPTIMIZATION_LEVEL = 0;
				GCC_PREPROCESSOR_DEFINITIONS = (
					"DEBUG=1",
					"$(inherited)",
				);
				GCC_WARN_64_TO_32_BIT_CONVERSION = YES;
				GCC_WARN_ABOUT_RETURN_TYPE = YES_ERROR;
				GCC_WARN_UNDECLARED_SELECTOR = YES;
				GCC_WARN_UNINITIALIZED_AUTOS = YES_AGGRESSIVE;
				GCC_WARN_UNUSED_FUNCTION = YES;
				GCC_WARN_UNUSED_VARIABLE = YES;
				IPHONEOS_DEPLOYMENT_TARGET = 17.2;
				LOCALIZATION_PREFERS_STRING_CATALOGS = YES;
				MTL_ENABLE_DEBUG_INFO = INCLUDE_SOURCE;
				MTL_FAST_MATH = YES;
				ONLY_ACTIVE_ARCH = YES;
				SDKROOT = iphoneos;
				SWIFT_ACTIVE_COMPILATION_CONDITIONS = "DEBUG $(inherited)";
				SWIFT_OPTIMIZATION_LEVEL = "-Onone";
			};
			name = Debug;
		};
		8D342BA22B85693300B2DE85 /* Release */ = {
			isa = XCBuildConfiguration;
			buildSettings = {
				ALWAYS_SEARCH_USER_PATHS = NO;
				ASSETCATALOG_COMPILER_GENERATE_SWIFT_ASSET_SYMBOL_EXTENSIONS = YES;
				CLANG_ANALYZER_NONNULL = YES;
				CLANG_ANALYZER_NUMBER_OBJECT_CONVERSION = YES_AGGRESSIVE;
				CLANG_CXX_LANGUAGE_STANDARD = "gnu++20";
				CLANG_ENABLE_MODULES = YES;
				CLANG_ENABLE_OBJC_ARC = YES;
				CLANG_ENABLE_OBJC_WEAK = YES;
				CLANG_WARN_BLOCK_CAPTURE_AUTORELEASING = YES;
				CLANG_WARN_BOOL_CONVERSION = YES;
				CLANG_WARN_COMMA = YES;
				CLANG_WARN_CONSTANT_CONVERSION = YES;
				CLANG_WARN_DEPRECATED_OBJC_IMPLEMENTATIONS = YES;
				CLANG_WARN_DIRECT_OBJC_ISA_USAGE = YES_ERROR;
				CLANG_WARN_DOCUMENTATION_COMMENTS = YES;
				CLANG_WARN_EMPTY_BODY = YES;
				CLANG_WARN_ENUM_CONVERSION = YES;
				CLANG_WARN_INFINITE_RECURSION = YES;
				CLANG_WARN_INT_CONVERSION = YES;
				CLANG_WARN_NON_LITERAL_NULL_CONVERSION = YES;
				CLANG_WARN_OBJC_IMPLICIT_RETAIN_SELF = YES;
				CLANG_WARN_OBJC_LITERAL_CONVERSION = YES;
				CLANG_WARN_OBJC_ROOT_CLASS = YES_ERROR;
				CLANG_WARN_QUOTED_INCLUDE_IN_FRAMEWORK_HEADER = YES;
				CLANG_WARN_RANGE_LOOP_ANALYSIS = YES;
				CLANG_WARN_STRICT_PROTOTYPES = YES;
				CLANG_WARN_SUSPICIOUS_MOVE = YES;
				CLANG_WARN_UNGUARDED_AVAILABILITY = YES_AGGRESSIVE;
				CLANG_WARN_UNREACHABLE_CODE = YES;
				CLANG_WARN__DUPLICATE_METHOD_MATCH = YES;
				COPY_PHASE_STRIP = NO;
				DEBUG_INFORMATION_FORMAT = "dwarf-with-dsym";
				ENABLE_NS_ASSERTIONS = NO;
				ENABLE_STRICT_OBJC_MSGSEND = YES;
				ENABLE_USER_SCRIPT_SANDBOXING = YES;
				GCC_C_LANGUAGE_STANDARD = gnu17;
				GCC_NO_COMMON_BLOCKS = YES;
				GCC_WARN_64_TO_32_BIT_CONVERSION = YES;
				GCC_WARN_ABOUT_RETURN_TYPE = YES_ERROR;
				GCC_WARN_UNDECLARED_SELECTOR = YES;
				GCC_WARN_UNINITIALIZED_AUTOS = YES_AGGRESSIVE;
				GCC_WARN_UNUSED_FUNCTION = YES;
				GCC_WARN_UNUSED_VARIABLE = YES;
				IPHONEOS_DEPLOYMENT_TARGET = 17.2;
				LOCALIZATION_PREFERS_STRING_CATALOGS = YES;
				MTL_ENABLE_DEBUG_INFO = NO;
				MTL_FAST_MATH = YES;
				SDKROOT = iphoneos;
				SWIFT_COMPILATION_MODE = wholemodule;
				VALIDATE_PRODUCT = YES;
			};
			name = Release;
		};
		8D342BA42B85693300B2DE85 /* Debug */ = {
			isa = XCBuildConfiguration;
			buildSettings = {
				ASSETCATALOG_COMPILER_APPICON_NAME = AppIcon;
				ASSETCATALOG_COMPILER_GLOBAL_ACCENT_COLOR_NAME = AccentColor;
				CODE_SIGN_STYLE = Automatic;
				CURRENT_PROJECT_VERSION = 1;
				DEVELOPMENT_TEAM = RU4WLA6W2P;
				GENERATE_INFOPLIST_FILE = YES;
				INFOPLIST_FILE = Nasa/Info.plist;
				INFOPLIST_KEY_UIApplicationSupportsIndirectInputEvents = YES;
				INFOPLIST_KEY_UILaunchStoryboardName = LaunchScreen;
				INFOPLIST_KEY_UIMainStoryboardFile = Main;
				INFOPLIST_KEY_UISupportedInterfaceOrientations_iPad = "UIInterfaceOrientationPortrait UIInterfaceOrientationPortraitUpsideDown UIInterfaceOrientationLandscapeLeft UIInterfaceOrientationLandscapeRight";
				INFOPLIST_KEY_UISupportedInterfaceOrientations_iPhone = "UIInterfaceOrientationPortrait UIInterfaceOrientationLandscapeLeft UIInterfaceOrientationLandscapeRight";
				LD_RUNPATH_SEARCH_PATHS = (
					"$(inherited)",
					"@executable_path/Frameworks",
				);
				MARKETING_VERSION = 1.0;
				PRODUCT_BUNDLE_IDENTIFIER = dev.marcosmello.Nasa;
				PRODUCT_NAME = "$(TARGET_NAME)";
				SWIFT_EMIT_LOC_STRINGS = YES;
				SWIFT_VERSION = 5.0;
				TARGETED_DEVICE_FAMILY = "1,2";
			};
			name = Debug;
		};
		8D342BA52B85693300B2DE85 /* Release */ = {
			isa = XCBuildConfiguration;
			buildSettings = {
				ASSETCATALOG_COMPILER_APPICON_NAME = AppIcon;
				ASSETCATALOG_COMPILER_GLOBAL_ACCENT_COLOR_NAME = AccentColor;
				CODE_SIGN_STYLE = Automatic;
				CURRENT_PROJECT_VERSION = 1;
				DEVELOPMENT_TEAM = RU4WLA6W2P;
				GENERATE_INFOPLIST_FILE = YES;
				INFOPLIST_FILE = Nasa/Info.plist;
				INFOPLIST_KEY_UIApplicationSupportsIndirectInputEvents = YES;
				INFOPLIST_KEY_UILaunchStoryboardName = LaunchScreen;
				INFOPLIST_KEY_UIMainStoryboardFile = Main;
				INFOPLIST_KEY_UISupportedInterfaceOrientations_iPad = "UIInterfaceOrientationPortrait UIInterfaceOrientationPortraitUpsideDown UIInterfaceOrientationLandscapeLeft UIInterfaceOrientationLandscapeRight";
				INFOPLIST_KEY_UISupportedInterfaceOrientations_iPhone = "UIInterfaceOrientationPortrait UIInterfaceOrientationLandscapeLeft UIInterfaceOrientationLandscapeRight";
				LD_RUNPATH_SEARCH_PATHS = (
					"$(inherited)",
					"@executable_path/Frameworks",
				);
				MARKETING_VERSION = 1.0;
				PRODUCT_BUNDLE_IDENTIFIER = dev.marcosmello.Nasa;
				PRODUCT_NAME = "$(TARGET_NAME)";
				SWIFT_EMIT_LOC_STRINGS = YES;
				SWIFT_VERSION = 5.0;
				TARGETED_DEVICE_FAMILY = "1,2";
			};
			name = Release;
		};
		8D342BA72B85693300B2DE85 /* Debug */ = {
			isa = XCBuildConfiguration;
			buildSettings = {
				ALWAYS_EMBED_SWIFT_STANDARD_LIBRARIES = YES;
				BUNDLE_LOADER = "$(TEST_HOST)";
				CODE_SIGN_STYLE = Automatic;
				CURRENT_PROJECT_VERSION = 1;
				DEVELOPMENT_TEAM = RU4WLA6W2P;
				GENERATE_INFOPLIST_FILE = YES;
				IPHONEOS_DEPLOYMENT_TARGET = 17.2;
				MARKETING_VERSION = 1.0;
				PRODUCT_BUNDLE_IDENTIFIER = dev.marcosmello.NasaTests;
				PRODUCT_NAME = "$(TARGET_NAME)";
				SWIFT_EMIT_LOC_STRINGS = NO;
				SWIFT_VERSION = 5.0;
				TARGETED_DEVICE_FAMILY = "1,2";
				TEST_HOST = "$(BUILT_PRODUCTS_DIR)/Nasa.app/$(BUNDLE_EXECUTABLE_FOLDER_PATH)/Nasa";
			};
			name = Debug;
		};
		8D342BA82B85693300B2DE85 /* Release */ = {
			isa = XCBuildConfiguration;
			buildSettings = {
				ALWAYS_EMBED_SWIFT_STANDARD_LIBRARIES = YES;
				BUNDLE_LOADER = "$(TEST_HOST)";
				CODE_SIGN_STYLE = Automatic;
				CURRENT_PROJECT_VERSION = 1;
				DEVELOPMENT_TEAM = RU4WLA6W2P;
				GENERATE_INFOPLIST_FILE = YES;
				IPHONEOS_DEPLOYMENT_TARGET = 17.2;
				MARKETING_VERSION = 1.0;
				PRODUCT_BUNDLE_IDENTIFIER = dev.marcosmello.NasaTests;
				PRODUCT_NAME = "$(TARGET_NAME)";
				SWIFT_EMIT_LOC_STRINGS = NO;
				SWIFT_VERSION = 5.0;
				TARGETED_DEVICE_FAMILY = "1,2";
				TEST_HOST = "$(BUILT_PRODUCTS_DIR)/Nasa.app/$(BUNDLE_EXECUTABLE_FOLDER_PATH)/Nasa";
			};
			name = Release;
		};
		8D342BAA2B85693300B2DE85 /* Debug */ = {
			isa = XCBuildConfiguration;
			buildSettings = {
				ALWAYS_EMBED_SWIFT_STANDARD_LIBRARIES = YES;
				CODE_SIGN_STYLE = Automatic;
				CURRENT_PROJECT_VERSION = 1;
				DEVELOPMENT_TEAM = RU4WLA6W2P;
				GENERATE_INFOPLIST_FILE = YES;
				MARKETING_VERSION = 1.0;
				PRODUCT_BUNDLE_IDENTIFIER = dev.marcosmello.NasaUITests;
				PRODUCT_NAME = "$(TARGET_NAME)";
				SWIFT_EMIT_LOC_STRINGS = NO;
				SWIFT_VERSION = 5.0;
				TARGETED_DEVICE_FAMILY = "1,2";
				TEST_TARGET_NAME = Nasa;
			};
			name = Debug;
		};
		8D342BAB2B85693300B2DE85 /* Release */ = {
			isa = XCBuildConfiguration;
			buildSettings = {
				ALWAYS_EMBED_SWIFT_STANDARD_LIBRARIES = YES;
				CODE_SIGN_STYLE = Automatic;
				CURRENT_PROJECT_VERSION = 1;
				DEVELOPMENT_TEAM = RU4WLA6W2P;
				GENERATE_INFOPLIST_FILE = YES;
				MARKETING_VERSION = 1.0;
				PRODUCT_BUNDLE_IDENTIFIER = dev.marcosmello.NasaUITests;
				PRODUCT_NAME = "$(TARGET_NAME)";
				SWIFT_EMIT_LOC_STRINGS = NO;
				SWIFT_VERSION = 5.0;
				TARGETED_DEVICE_FAMILY = "1,2";
				TEST_TARGET_NAME = Nasa;
			};
			name = Release;
		};
/* End XCBuildConfiguration section */

/* Begin XCConfigurationList section */
		8D342B742B85693100B2DE85 /* Build configuration list for PBXProject "Nasa" */ = {
			isa = XCConfigurationList;
			buildConfigurations = (
				8D342BA12B85693300B2DE85 /* Debug */,
				8D342BA22B85693300B2DE85 /* Release */,
			);
			defaultConfigurationIsVisible = 0;
			defaultConfigurationName = Release;
		};
		8D342BA32B85693300B2DE85 /* Build configuration list for PBXNativeTarget "Nasa" */ = {
			isa = XCConfigurationList;
			buildConfigurations = (
				8D342BA42B85693300B2DE85 /* Debug */,
				8D342BA52B85693300B2DE85 /* Release */,
			);
			defaultConfigurationIsVisible = 0;
			defaultConfigurationName = Release;
		};
		8D342BA62B85693300B2DE85 /* Build configuration list for PBXNativeTarget "NasaTests" */ = {
			isa = XCConfigurationList;
			buildConfigurations = (
				8D342BA72B85693300B2DE85 /* Debug */,
				8D342BA82B85693300B2DE85 /* Release */,
			);
			defaultConfigurationIsVisible = 0;
			defaultConfigurationName = Release;
		};
		8D342BA92B85693300B2DE85 /* Build configuration list for PBXNativeTarget "NasaUITests" */ = {
			isa = XCConfigurationList;
			buildConfigurations = (
				8D342BAA2B85693300B2DE85 /* Debug */,
				8D342BAB2B85693300B2DE85 /* Release */,
			);
			defaultConfigurationIsVisible = 0;
			defaultConfigurationName = Release;
		};
/* End XCConfigurationList section */
	};
	rootObject = 8D342B712B85693100B2DE85 /* Project object */;
}
